
Microsoft Visual Studio Solution File, Format Version 12.00
# Visual Studio Version 16
VisualStudioVersion = 16.0.30413.136
MinimumVisualStudioVersion = 10.0.40219.1
Project("{9A19103F-16F7-4668-BE54-9A1E7A4F7556}") = "MantenedoresSigloXXI", "MantenedoresSigloXXI.csproj", "{792AA553-52DC-46D9-A3C4-1D131C28E5FF}"
EndProject
Project("{9A19103F-16F7-4668-BE54-9A1E7A4F7556}") = "MantenedoresSigloXXI.Core", "..\MantenedoresSigloXXI.Core\MantenedoresSigloXXI.Core.csproj", "{F8C228F4-7F3F-4A33-A6D4-C5D163FD6240}"
EndProject
Global
	GlobalSection(SolutionConfigurationPlatforms) = preSolution
		Debug|Any CPU = Debug|Any CPU
		Release|Any CPU = Release|Any CPU
	EndGlobalSection
	GlobalSection(ProjectConfigurationPlatforms) = postSolution
		{792AA553-52DC-46D9-A3C4-1D131C28E5FF}.Debug|Any CPU.ActiveCfg = Debug|Any CPU
		{792AA553-52DC-46D9-A3C4-1D131C28E5FF}.Debug|Any CPU.Build.0 = Debug|Any CPU
		{792AA553-52DC-46D9-A3C4-1D131C28E5FF}.Release|Any CPU.ActiveCfg = Release|Any CPU
		{792AA553-52DC-46D9-A3C4-1D131C28E5FF}.Release|Any CPU.Build.0 = Release|Any CPU
		{F8C228F4-7F3F-4A33-A6D4-C5D163FD6240}.Debug|Any CPU.ActiveCfg = Debug|Any CPU
		{F8C228F4-7F3F-4A33-A6D4-C5D163FD6240}.Debug|Any CPU.Build.0 = Debug|Any CPU
		{F8C228F4-7F3F-4A33-A6D4-C5D163FD6240}.Release|Any CPU.ActiveCfg = Release|Any CPU
		{F8C228F4-7F3F-4A33-A6D4-C5D163FD6240}.Release|Any CPU.Build.0 = Release|Any CPU
	EndGlobalSection
	GlobalSection(SolutionProperties) = preSolution
		HideSolutionNode = FALSE
	EndGlobalSection
	GlobalSection(ExtensibilityGlobals) = postSolution
		SolutionGuid = {AA9B8276-6A70-458B-83D4-9A2B5718AEA8}
	EndGlobalSection
EndGlobal
